
Microsoft Visual Studio Solution File, Format Version 12.00
# Visual Studio 15
VisualStudioVersion = 15.0.28307.329
MinimumVisualStudioVersion = 10.0.40219.1
Project("{FAE04EC0-301F-11D3-BF4B-00C04F79EFBC}") = "GameClient", "GameClient\GameClient.csproj", "{186D2D76-15B2-4C9F-882C-3056BE31A5EC}"
EndProject
Project("{9A19103F-16F7-4668-BE54-9A1E7A4F7556}") = "GameServer", "GameServer\GameServer.csproj", "{E854CB27-DB5D-41B7-9E1F-D4CD86F0160C}"
EndProject
Global
	GlobalSection(SolutionConfigurationPlatforms) = preSolution
		Debug|Any CPU = Debug|Any CPU
		Release|Any CPU = Release|Any CPU
	EndGlobalSection
	GlobalSection(ProjectConfigurationPlatforms) = postSolution
		{186D2D76-15B2-4C9F-882C-3056BE31A5EC}.Debug|Any CPU.ActiveCfg = Debug|Any CPU
		{186D2D76-15B2-4C9F-882C-3056BE31A5EC}.Debug|Any CPU.Build.0 = Debug|Any CPU
		{186D2D76-15B2-4C9F-882C-3056BE31A5EC}.Release|Any CPU.ActiveCfg = Release|Any CPU
		{186D2D76-15B2-4C9F-882C-3056BE31A5EC}.Release|Any CPU.Build.0 = Release|Any CPU
		{E854CB27-DB5D-41B7-9E1F-D4CD86F0160C}.Debug|Any CPU.ActiveCfg = Debug|Any CPU
		{E854CB27-DB5D-41B7-9E1F-D4CD86F0160C}.Debug|Any CPU.Build.0 = Debug|Any CPU
		{E854CB27-DB5D-41B7-9E1F-D4CD86F0160C}.Release|Any CPU.ActiveCfg = Release|Any CPU
		{E854CB27-DB5D-41B7-9E1F-D4CD86F0160C}.Release|Any CPU.Build.0 = Release|Any CPU
	EndGlobalSection
	GlobalSection(SolutionProperties) = preSolution
		HideSolutionNode = FALSE
	EndGlobalSection
	GlobalSection(ExtensibilityGlobals) = postSolution
		SolutionGuid = {E23E4FE0-8AC3-420B-888A-D22EC40FD8A0}
	EndGlobalSection
EndGlobal
